// !$*UTF8*$!
{
	archiveVersion = 1;
	classes = {
	};
	objectVersion = 51;
	objects = {

/* Begin PBXBuildFile section */
		05560B4B26460844000C63E3 /* CheckViewController.swift in Sources */ = {isa = PBXBuildFile; fileRef = 05560B4A26460844000C63E3 /* CheckViewController.swift */; };
		05560B4E26460A46000C63E3 /* AnswersModel.swift in Sources */ = {isa = PBXBuildFile; fileRef = 05560B4D26460A46000C63E3 /* AnswersModel.swift */; };
		05560B502646237E000C63E3 /* CommentViewController.swift in Sources */ = {isa = PBXBuildFile; fileRef = 05560B4F2646237E000C63E3 /* CommentViewController.swift */; };
		05560B5226462751000C63E3 /* CommentModel.swift in Sources */ = {isa = PBXBuildFile; fileRef = 05560B5126462751000C63E3 /* CommentModel.swift */; };
		05FE85652641662A00339FF9 /* AppDelegate.swift in Sources */ = {isa = PBXBuildFile; fileRef = 05FE85642641662A00339FF9 /* AppDelegate.swift */; };
		05FE85672641662A00339FF9 /* SceneDelegate.swift in Sources */ = {isa = PBXBuildFile; fileRef = 05FE85662641662A00339FF9 /* SceneDelegate.swift */; };
		05FE85692641662A00339FF9 /* ViewController.swift in Sources */ = {isa = PBXBuildFile; fileRef = 05FE85682641662A00339FF9 /* ViewController.swift */; };
		05FE856C2641662A00339FF9 /* Main.storyboard in Resources */ = {isa = PBXBuildFile; fileRef = 05FE856A2641662A00339FF9 /* Main.storyboard */; };
		05FE856E2641662C00339FF9 /* Assets.xcassets in Resources */ = {isa = PBXBuildFile; fileRef = 05FE856D2641662C00339FF9 /* Assets.xcassets */; };
		05FE85712641662C00339FF9 /* LaunchScreen.storyboard in Resources */ = {isa = PBXBuildFile; fileRef = 05FE856F2641662C00339FF9 /* LaunchScreen.storyboard */; };
		05FE857A26416C5300339FF9 /* LoginViewController.swift in Sources */ = {isa = PBXBuildFile; fileRef = 05FE857926416C5300339FF9 /* LoginViewController.swift */; };
		05FE857C26435CE100339FF9 /* GoogleService-Info.plist in Resources */ = {isa = PBXBuildFile; fileRef = 05FE857B26435CE100339FF9 /* GoogleService-Info.plist */; };
		E57AEC61765ADE3A665E2F26 /* Pods_Swift6FireStore02.framework in Frameworks */ = {isa = PBXBuildFile; fileRef = B005450B09D9F19306134BCD /* Pods_Swift6FireStore02.framework */; };
/* End PBXBuildFile section */

/* Begin PBXFileReference section */
		0018D9570F57F0ADF2E19660 /* Pods-Swift6FireStore02.release.xcconfig */ = {isa = PBXFileReference; includeInIndex = 1; lastKnownFileType = text.xcconfig; name = "Pods-Swift6FireStore02.release.xcconfig"; path = "Target Support Files/Pods-Swift6FireStore02/Pods-Swift6FireStore02.release.xcconfig"; sourceTree = "<group>"; };
		05560B4A26460844000C63E3 /* CheckViewController.swift */ = {isa = PBXFileReference; lastKnownFileType = sourcecode.swift; path = CheckViewController.swift; sourceTree = "<group>"; };
		05560B4D26460A46000C63E3 /* AnswersModel.swift */ = {isa = PBXFileReference; lastKnownFileType = sourcecode.swift; path = AnswersModel.swift; sourceTree = "<group>"; };
		05560B4F2646237E000C63E3 /* CommentViewController.swift */ = {isa = PBXFileReference; lastKnownFileType = sourcecode.swift; path = CommentViewController.swift; sourceTree = "<group>"; };
		05560B5126462751000C63E3 /* CommentModel.swift */ = {isa = PBXFileReference; lastKnownFileType = sourcecode.swift; path = CommentModel.swift; sourceTree = "<group>"; };
		05FE85612641662A00339FF9 /* Swift6FireStore02.app */ = {isa = PBXFileReference; explicitFileType = wrapper.application; includeInIndex = 0; path = Swift6FireStore02.app; sourceTree = BUILT_PRODUCTS_DIR; };
		05FE85642641662A00339FF9 /* AppDelegate.swift */ = {isa = PBXFileReference; lastKnownFileType = sourcecode.swift; path = AppDelegate.swift; sourceTree = "<group>"; };
		05FE85662641662A00339FF9 /* SceneDelegate.swift */ = {isa = PBXFileReference; lastKnownFileType = sourcecode.swift; path = SceneDelegate.swift; sourceTree = "<group>"; };
		05FE85682641662A00339FF9 /* ViewController.swift */ = {isa = PBXFileReference; lastKnownFileType = sourcecode.swift; path = ViewController.swift; sourceTree = "<group>"; };
		05FE856B2641662A00339FF9 /* Base */ = {isa = PBXFileReference; lastKnownFileType = file.storyboard; name = Base; path = Base.lproj/Main.storyboard; sourceTree = "<group>"; };
		05FE856D2641662C00339FF9 /* Assets.xcassets */ = {isa = PBXFileReference; lastKnownFileType = folder.assetcatalog; path = Assets.xcassets; sourceTree = "<group>"; };
		05FE85702641662C00339FF9 /* Base */ = {isa = PBXFileReference; lastKnownFileType = file.storyboard; name = Base; path = Base.lproj/LaunchScreen.storyboard; sourceTree = "<group>"; };
		05FE85722641662C00339FF9 /* Info.plist */ = {isa = PBXFileReference; lastKnownFileType = text.plist.xml; path = Info.plist; sourceTree = "<group>"; };
		05FE857926416C5300339FF9 /* LoginViewController.swift */ = {isa = PBXFileReference; lastKnownFileType = sourcecode.swift; path = LoginViewController.swift; sourceTree = "<group>"; };
		05FE857B26435CE100339FF9 /* GoogleService-Info.plist */ = {isa = PBXFileReference; fileEncoding = 4; lastKnownFileType = text.plist.xml; path = "GoogleService-Info.plist"; sourceTree = "<group>"; };
		B005450B09D9F19306134BCD /* Pods_Swift6FireStore02.framework */ = {isa = PBXFileReference; explicitFileType = wrapper.framework; includeInIndex = 0; path = Pods_Swift6FireStore02.framework; sourceTree = BUILT_PRODUCTS_DIR; };
		D384309F7407A0759F28675B /* Pods-Swift6FireStore02.debug.xcconfig */ = {isa = PBXFileReference; includeInIndex = 1; lastKnownFileType = text.xcconfig; name = "Pods-Swift6FireStore02.debug.xcconfig"; path = "Target Support Files/Pods-Swift6FireStore02/Pods-Swift6FireStore02.debug.xcconfig"; sourceTree = "<group>"; };
/* End PBXFileReference section */

/* Begin PBXFrameworksBuildPhase section */
		05FE855E2641662A00339FF9 /* Frameworks */ = {
			isa = PBXFrameworksBuildPhase;
			buildActionMask = 2147483647;
			files = (
				E57AEC61765ADE3A665E2F26 /* Pods_Swift6FireStore02.framework in Frameworks */,
			);
			runOnlyForDeploymentPostprocessing = 0;
		};
/* End PBXFrameworksBuildPhase section */

/* Begin PBXGroup section */
		05560B4C26460A22000C63E3 /* Model */ = {
			isa = PBXGroup;
			children = (
				05560B4D26460A46000C63E3 /* AnswersModel.swift */,
				05560B5126462751000C63E3 /* CommentModel.swift */,
			);
			path = Model;
			sourceTree = "<group>";
		};
		05FE85582641662A00339FF9 = {
			isa = PBXGroup;
			children = (
				05FE85632641662A00339FF9 /* Swift6FireStore02 */,
				05FE85622641662A00339FF9 /* Products */,
				C25B4D1618CA834C4028DEFF /* Pods */,
				36460212F132369ECC7A2C9E /* Frameworks */,
			);
			sourceTree = "<group>";
		};
		05FE85622641662A00339FF9 /* Products */ = {
			isa = PBXGroup;
			children = (
				05FE85612641662A00339FF9 /* Swift6FireStore02.app */,
			);
			name = Products;
			sourceTree = "<group>";
		};
		05FE85632641662A00339FF9 /* Swift6FireStore02 */ = {
			isa = PBXGroup;
			children = (
				05FE85642641662A00339FF9 /* AppDelegate.swift */,
				05FE85662641662A00339FF9 /* SceneDelegate.swift */,
				05560B4C26460A22000C63E3 /* Model */,
				05FE857826416C2F00339FF9 /* Controller */,
				05FE856A2641662A00339FF9 /* Main.storyboard */,
				05FE856D2641662C00339FF9 /* Assets.xcassets */,
				05FE856F2641662C00339FF9 /* LaunchScreen.storyboard */,
				05FE857B26435CE100339FF9 /* GoogleService-Info.plist */,
				05FE85722641662C00339FF9 /* Info.plist */,
			);
			path = Swift6FireStore02;
			sourceTree = "<group>";
		};
		05FE857826416C2F00339FF9 /* Controller */ = {
			isa = PBXGroup;
			children = (
				05FE85682641662A00339FF9 /* ViewController.swift */,
				05FE857926416C5300339FF9 /* LoginViewController.swift */,
				05560B4A26460844000C63E3 /* CheckViewController.swift */,
				05560B4F2646237E000C63E3 /* CommentViewController.swift */,
			);
			path = Controller;
			sourceTree = "<group>";
		};
		36460212F132369ECC7A2C9E /* Frameworks */ = {
			isa = PBXGroup;
			children = (
				B005450B09D9F19306134BCD /* Pods_Swift6FireStore02.framework */,
			);
			name = Frameworks;
			sourceTree = "<group>";
		};
		C25B4D1618CA834C4028DEFF /* Pods */ = {
			isa = PBXGroup;
			children = (
				D384309F7407A0759F28675B /* Pods-Swift6FireStore02.debug.xcconfig */,
				0018D9570F57F0ADF2E19660 /* Pods-Swift6FireStore02.release.xcconfig */,
			);
			path = Pods;
			sourceTree = "<group>";
		};
/* End PBXGroup section */

/* Begin PBXNativeTarget section */
		05FE85602641662A00339FF9 /* Swift6FireStore02 */ = {
			isa = PBXNativeTarget;
			buildConfigurationList = 05FE85752641662C00339FF9 /* Build configuration list for PBXNativeTarget "Swift6FireStore02" */;
			buildPhases = (
				EF89A165ACB10447128FB37D /* [CP] Check Pods Manifest.lock */,
				05FE855D2641662A00339FF9 /* Sources */,
				05FE855E2641662A00339FF9 /* Frameworks */,
				05FE855F2641662A00339FF9 /* Resources */,
				3FCB9F40D65F14A0697C219F /* [CP] Embed Pods Frameworks */,
			);
			buildRules = (
			);
			dependencies = (
			);
			name = Swift6FireStore02;
			productName = Swift6FireStore02;
			productReference = 05FE85612641662A00339FF9 /* Swift6FireStore02.app */;
			productType = "com.apple.product-type.application";
		};
/* End PBXNativeTarget section */

/* Begin PBXProject section */
		05FE85592641662A00339FF9 /* Project object */ = {
			isa = PBXProject;
			attributes = {
				LastSwiftUpdateCheck = 1250;
				LastUpgradeCheck = 1250;
				TargetAttributes = {
					05FE85602641662A00339FF9 = {
						CreatedOnToolsVersion = 12.5;
					};
				};
			};
			buildConfigurationList = 05FE855C2641662A00339FF9 /* Build configuration list for PBXProject "Swift6FireStore02" */;
			compatibilityVersion = "Xcode 9.3";
			developmentRegion = en;
			hasScannedForEncodings = 0;
			knownRegions = (
				en,
				Base,
			);
			mainGroup = 05FE85582641662A00339FF9;
			productRefGroup = 05FE85622641662A00339FF9 /* Products */;
			projectDirPath = "";
			projectRoot = "";
			targets = (
				05FE85602641662A00339FF9 /* Swift6FireStore02 */,
			);
		};
/* End PBXProject section */

/* Begin PBXResourcesBuildPhase section */
		05FE855F2641662A00339FF9 /* Resources */ = {
			isa = PBXResourcesBuildPhase;
			buildActionMask = 2147483647;
			files = (
				05FE85712641662C00339FF9 /* LaunchScreen.storyboard in Resources */,
				05FE857C26435CE100339FF9 /* GoogleService-Info.plist in Resources */,
				05FE856E2641662C00339FF9 /* Assets.xcassets in Resources */,
				05FE856C2641662A00339FF9 /* Main.storyboard in Resources */,
			);
			runOnlyForDeploymentPostprocessing = 0;
		};
/* End PBXResourcesBuildPhase section */

/* Begin PBXShellScriptBuildPhase section */
		3FCB9F40D65F14A0697C219F /* [CP] Embed Pods Frameworks */ = {
			isa = PBXShellScriptBuildPhase;
			buildActionMask = 2147483647;
			files = (
			);
			inputFileListPaths = (
				"${PODS_ROOT}/Target Support Files/Pods-Swift6FireStore02/Pods-Swift6FireStore02-frameworks-${CONFIGURATION}-input-files.xcfilelist",
			);
			name = "[CP] Embed Pods Frameworks";
			outputFileListPaths = (
				"${PODS_ROOT}/Target Support Files/Pods-Swift6FireStore02/Pods-Swift6FireStore02-frameworks-${CONFIGURATION}-output-files.xcfilelist",
			);
			runOnlyForDeploymentPostprocessing = 0;
			shellPath = /bin/sh;
			shellScript = "\"${PODS_ROOT}/Target Support Files/Pods-Swift6FireStore02/Pods-Swift6FireStore02-frameworks.sh\"\n";
			showEnvVarsInLog = 0;
		};
		EF89A165ACB10447128FB37D /* [CP] Check Pods Manifest.lock */ = {
			isa = PBXShellScriptBuildPhase;
			buildActionMask = 2147483647;
			files = (
			);
			inputFileListPaths = (
			);
			inputPaths = (
				"${PODS_PODFILE_DIR_PATH}/Podfile.lock",
				"${PODS_ROOT}/Manifest.lock",
			);
			name = "[CP] Check Pods Manifest.lock";
			outputFileListPaths = (
			);
			outputPaths = (
				"$(DERIVED_FILE_DIR)/Pods-Swift6FireStore02-checkManifestLockResult.txt",
			);
			runOnlyForDeploymentPostprocessing = 0;
			shellPath = /bin/sh;
			shellScript = "diff \"${PODS_PODFILE_DIR_PATH}/Podfile.lock\" \"${PODS_ROOT}/Manifest.lock\" > /dev/null\nif [ $? != 0 ] ; then\n    # print error to STDERR\n    echo \"error: The sandbox is not in sync with the Podfile.lock. Run 'pod install' or update your CocoaPods installation.\" >&2\n    exit 1\nfi\n# This output is used by Xcode 'outputs' to avoid re-running this script phase.\necho \"SUCCESS\" > \"${SCRIPT_OUTPUT_FILE_0}\"\n";
			showEnvVarsInLog = 0;
		};
/* End PBXShellScriptBuildPhase section */

/* Begin PBXSourcesBuildPhase section */
		05FE855D2641662A00339FF9 /* Sources */ = {
			isa = PBXSourcesBuildPhase;
			buildActionMask = 2147483647;
			files = (
				05560B502646237E000C63E3 /* CommentViewController.swift in Sources */,
				05560B5226462751000C63E3 /* CommentModel.swift in Sources */,
				05FE857A26416C5300339FF9 /* LoginViewController.swift in Sources */,
				05560B4E26460A46000C63E3 /* AnswersModel.swift in Sources */,
				05FE85692641662A00339FF9 /* ViewController.swift in Sources */,
				05FE85652641662A00339FF9 /* AppDelegate.swift in Sources */,
				05560B4B26460844000C63E3 /* CheckViewController.swift in Sources */,
				05FE85672641662A00339FF9 /* SceneDelegate.swift in Sources */,
			);
			runOnlyForDeploymentPostprocessing = 0;
		};
/* End PBXSourcesBuildPhase section */

/* Begin PBXVariantGroup section */
		05FE856A2641662A00339FF9 /* Main.storyboard */ = {
			isa = PBXVariantGroup;
			children = (
				05FE856B2641662A00339FF9 /* Base */,
			);
			name = Main.storyboard;
			sourceTree = "<group>";
		};
		05FE856F2641662C00339FF9 /* LaunchScreen.storyboard */ = {
			isa = PBXVariantGroup;
			children = (
				05FE85702641662C00339FF9 /* Base */,
			);
			name = LaunchScreen.storyboard;
			sourceTree = "<group>";
		};
/* End PBXVariantGroup section */

/* Begin XCBuildConfiguration section */
		05FE85732641662C00339FF9 /* Debug */ = {
			isa = XCBuildConfiguration;
			buildSettings = {
				ALWAYS_SEARCH_USER_PATHS = NO;
				CLANG_ANALYZER_NONNULL = YES;
				CLANG_ANALYZER_NUMBER_OBJECT_CONVERSION = YES_AGGRESSIVE;
				CLANG_CXX_LANGUAGE_STANDARD = "gnu++14";
				CLANG_CXX_LIBRARY = "libc++";
				CLANG_ENABLE_MODULES = YES;
				CLANG_ENABLE_OBJC_ARC = YES;
				CLANG_ENABLE_OBJC_WEAK = YES;
				CLANG_WARN_BLOCK_CAPTURE_AUTORELEASING = YES;
				CLANG_WARN_BOOL_CONVERSION = YES;
				CLANG_WARN_COMMA = YES;
				CLANG_WARN_CONSTANT_CONVERSION = YES;
				CLANG_WARN_DEPRECATED_OBJC_IMPLEMENTATIONS = YES;
				CLANG_WARN_DIRECT_OBJC_ISA_USAGE = YES_ERROR;
				CLANG_WARN_DOCUMENTATION_COMMENTS = YES;
				CLANG_WARN_EMPTY_BODY = YES;
				CLANG_WARN_ENUM_CONVERSION = YES;
				CLANG_WARN_INFINITE_RECURSION = YES;
				CLANG_WARN_INT_CONVERSION = YES;
				CLANG_WARN_NON_LITERAL_NULL_CONVERSION = YES;
				CLANG_WARN_OBJC_IMPLICIT_RETAIN_SELF = YES;
				CLANG_WARN_OBJC_LITERAL_CONVERSION = YES;
				CLANG_WARN_OBJC_ROOT_CLASS = YES_ERROR;
				CLANG_WARN_QUOTED_INCLUDE_IN_FRAMEWORK_HEADER = YES;
				CLANG_WARN_RANGE_LOOP_ANALYSIS = YES;
				CLANG_WARN_STRICT_PROTOTYPES = YES;
				CLANG_WARN_SUSPICIOUS_MOVE = YES;
				CLANG_WARN_UNGUARDED_AVAILABILITY = YES_AGGRESSIVE;
				CLANG_WARN_UNREACHABLE_CODE = YES;
				CLANG_WARN__DUPLICATE_METHOD_MATCH = YES;
				COPY_PHASE_STRIP = NO;
				DEBUG_INFORMATION_FORMAT = dwarf;
				ENABLE_STRICT_OBJC_MSGSEND = YES;
				ENABLE_TESTABILITY = YES;
				GCC_C_LANGUAGE_STANDARD = gnu11;
				GCC_DYNAMIC_NO_PIC = NO;
				GCC_NO_COMMON_BLOCKS = YES;
				GCC_OPTIMIZATION_LEVEL = 0;
				GCC_PREPROCESSOR_DEFINITIONS = (
					"DEBUG=1",
					"$(inherited)",
				);
				GCC_WARN_64_TO_32_BIT_CONVERSION = YES;
				GCC_WARN_ABOUT_RETURN_TYPE = YES_ERROR;
				GCC_WARN_UNDECLARED_SELECTOR = YES;
				GCC_WARN_UNINITIALIZED_AUTOS = YES_AGGRESSIVE;
				GCC_WARN_UNUSED_FUNCTION = YES;
				GCC_WARN_UNUSED_VARIABLE = YES;
				IPHONEOS_DEPLOYMENT_TARGET = 14.5;
				MTL_ENABLE_DEBUG_INFO = INCLUDE_SOURCE;
				MTL_FAST_MATH = YES;
				ONLY_ACTIVE_ARCH = YES;
				SDKROOT = iphoneos;
				SWIFT_ACTIVE_COMPILATION_CONDITIONS = DEBUG;
				SWIFT_OPTIMIZATION_LEVEL = "-Onone";
			};
			name = Debug;
		};
		05FE85742641662C00339FF9 /* Release */ = {
			isa = XCBuildConfiguration;
			buildSettings = {
				ALWAYS_SEARCH_USER_PATHS = NO;
				CLANG_ANALYZER_NONNULL = YES;
				CLANG_ANALYZER_NUMBER_OBJECT_CONVERSION = YES_AGGRESSIVE;
				CLANG_CXX_LANGUAGE_STANDARD = "gnu++14";
				CLANG_CXX_LIBRARY = "libc++";
				CLANG_ENABLE_MODULES = YES;
				CLANG_ENABLE_OBJC_ARC = YES;
				CLANG_ENABLE_OBJC_WEAK = YES;
				CLANG_WARN_BLOCK_CAPTURE_AUTORELEASING = YES;
				CLANG_WARN_BOOL_CONVERSION = YES;
				CLANG_WARN_COMMA = YES;
				CLANG_WARN_CONSTANT_CONVERSION = YES;
				CLANG_WARN_DEPRECATED_OBJC_IMPLEMENTATIONS = YES;
				CLANG_WARN_DIRECT_OBJC_ISA_USAGE = YES_ERROR;
				CLANG_WARN_DOCUMENTATION_COMMENTS = YES;
				CLANG_WARN_EMPTY_BODY = YES;
				CLANG_WARN_ENUM_CONVERSION = YES;
				CLANG_WARN_INFINITE_RECURSION = YES;
				CLANG_WARN_INT_CONVERSION = YES;
				CLANG_WARN_NON_LITERAL_NULL_CONVERSION = YES;
				CLANG_WARN_OBJC_IMPLICIT_RETAIN_SELF = YES;
				CLANG_WARN_OBJC_LITERAL_CONVERSION = YES;
				CLANG_WARN_OBJC_ROOT_CLASS = YES_ERROR;
				CLANG_WARN_QUOTED_INCLUDE_IN_FRAMEWORK_HEADER = YES;
				CLANG_WARN_RANGE_LOOP_ANALYSIS = YES;
				CLANG_WARN_STRICT_PROTOTYPES = YES;
				CLANG_WARN_SUSPICIOUS_MOVE = YES;
				CLANG_WARN_UNGUARDED_AVAILABILITY = YES_AGGRESSIVE;
				CLANG_WARN_UNREACHABLE_CODE = YES;
				CLANG_WARN__DUPLICATE_METHOD_MATCH = YES;
				COPY_PHASE_STRIP = NO;
				DEBUG_INFORMATION_FORMAT = "dwarf-with-dsym";
				ENABLE_NS_ASSERTIONS = NO;
				ENABLE_STRICT_OBJC_MSGSEND = YES;
				GCC_C_LANGUAGE_STANDARD = gnu11;
				GCC_NO_COMMON_BLOCKS = YES;
				GCC_WARN_64_TO_32_BIT_CONVERSION = YES;
				GCC_WARN_ABOUT_RETURN_TYPE = YES_ERROR;
				GCC_WARN_UNDECLARED_SELECTOR = YES;
				GCC_WARN_UNINITIALIZED_AUTOS = YES_AGGRESSIVE;
				GCC_WARN_UNUSED_FUNCTION = YES;
				GCC_WARN_UNUSED_VARIABLE = YES;
				IPHONEOS_DEPLOYMENT_TARGET = 14.5;
				MTL_ENABLE_DEBUG_INFO = NO;
				MTL_FAST_MATH = YES;
				SDKROOT = iphoneos;
				SWIFT_COMPILATION_MODE = wholemodule;
				SWIFT_OPTIMIZATION_LEVEL = "-O";
				VALIDATE_PRODUCT = YES;
			};
			name = Release;
		};
		05FE85762641662C00339FF9 /* Debug */ = {
			isa = XCBuildConfiguration;
			baseConfigurationReference = D384309F7407A0759F28675B /* Pods-Swift6FireStore02.debug.xcconfig */;
			buildSettings = {
				ASSETCATALOG_COMPILER_APPICON_NAME = AppIcon;
				ASSETCATALOG_COMPILER_GLOBAL_ACCENT_COLOR_NAME = AccentColor;
				CODE_SIGN_STYLE = Automatic;
				INFOPLIST_FILE = Swift6FireStore02/Info.plist;
				LD_RUNPATH_SEARCH_PATHS = (
					"$(inherited)",
					"@executable_path/Frameworks",
				);
				PRODUCT_BUNDLE_IDENTIFIER = com.Noneudemy.Swift6FireStore02;
				PRODUCT_NAME = "$(TARGET_NAME)";
				SWIFT_VERSION = 5.0;
				TARGETED_DEVICE_FAMILY = 1;
			};
			name = Debug;
		};
		05FE85772641662C00339FF9 /* Release */ = {
			isa = XCBuildConfiguration;
			baseConfigurationReference = 0018D9570F57F0ADF2E19660 /* Pods-Swift6FireStore02.release.xcconfig */;
			buildSettings = {
				ASSETCATALOG_COMPILER_APPICON_NAME = AppIcon;
				ASSETCATALOG_COMPILER_GLOBAL_ACCENT_COLOR_NAME = AccentColor;
				CODE_SIGN_STYLE = Automatic;
				INFOPLIST_FILE = Swift6FireStore02/Info.plist;
				LD_RUNPATH_SEARCH_PATHS = (
					"$(inherited)",
					"@executable_path/Frameworks",
				);
				PRODUCT_BUNDLE_IDENTIFIER = com.Noneudemy.Swift6FireStore02;
				PRODUCT_NAME = "$(TARGET_NAME)";
				SWIFT_VERSION = 5.0;
				TARGETED_DEVICE_FAMILY = 1;
			};
			name = Release;
		};
/* End XCBuildConfiguration section */

/* Begin XCConfigurationList section */
		05FE855C2641662A00339FF9 /* Build configuration list for PBXProject "Swift6FireStore02" */ = {
			isa = XCConfigurationList;
			buildConfigurations = (
				05FE85732641662C00339FF9 /* Debug */,
				05FE85742641662C00339FF9 /* Release */,
			);
			defaultConfigurationIsVisible = 0;
			defaultConfigurationName = Release;
		};
		05FE85752641662C00339FF9 /* Build configuration list for PBXNativeTarget "Swift6FireStore02" */ = {
			isa = XCConfigurationList;
			buildConfigurations = (
				05FE85762641662C00339FF9 /* Debug */,
				05FE85772641662C00339FF9 /* Release */,
			);
			defaultConfigurationIsVisible = 0;
			defaultConfigurationName = Release;
		};
/* End XCConfigurationList section */
	};
	rootObject = 05FE85592641662A00339FF9 /* Project object */;
}
